
Microsoft Visual Studio Solution File, Format Version 12.00
# Visual Studio Version 17
VisualStudioVersion = 17.3.32929.385
MinimumVisualStudioVersion = 10.0.40219.1
Project("{FAE04EC0-301F-11D3-BF4B-00C04F79EFBC}") = "Recipo-by-Agilis", "Recipo-by-Agilis\Recipo-by-Agilis.csproj", "{68E3008E-E18F-4C77-B61A-A2C4B31301F7}"
EndProject
Global
	GlobalSection(SolutionConfigurationPlatforms) = preSolution
		Debug|Any CPU = Debug|Any CPU
		Release|Any CPU = Release|Any CPU
	EndGlobalSection
	GlobalSection(ProjectConfigurationPlatforms) = postSolution
		{68E3008E-E18F-4C77-B61A-A2C4B31301F7}.Debug|Any CPU.ActiveCfg = Debug|Any CPU
		{68E3008E-E18F-4C77-B61A-A2C4B31301F7}.Debug|Any CPU.Build.0 = Debug|Any CPU
		{68E3008E-E18F-4C77-B61A-A2C4B31301F7}.Release|Any CPU.ActiveCfg = Release|Any CPU
		{68E3008E-E18F-4C77-B61A-A2C4B31301F7}.Release|Any CPU.Build.0 = Release|Any CPU
	EndGlobalSection
	GlobalSection(SolutionProperties) = preSolution
		HideSolutionNode = FALSE
	EndGlobalSection
	GlobalSection(ExtensibilityGlobals) = postSolution
		SolutionGuid = {7FD01A75-FEDE-4E94-A11B-6FD295D8B6DE}
	EndGlobalSection
EndGlobal
